
Microsoft Visual Studio Solution File, Format Version 12.00
# Visual Studio 15
VisualStudioVersion = 15.0.27130.2026
MinimumVisualStudioVersion = 10.0.40219.1
Project("{FAE04EC0-301F-11D3-BF4B-00C04F79EFBC}") = "ClientApp", "ClientApp\ClientApp.csproj", "{55062150-6C5A-4785-ABCE-B164EB695F6C}"
EndProject
Project("{FAE04EC0-301F-11D3-BF4B-00C04F79EFBC}") = "ProtobufTest", "ProtobufTest\ProtobufTest.csproj", "{51F519D5-4F61-450C-9557-39C741D8393B}"
EndProject
Project("{FAE04EC0-301F-11D3-BF4B-00C04F79EFBC}") = "SocketTest", "SocketTest\SocketTest.csproj", "{DA160C01-91DF-42F6-A655-1A4D5FC4E752}"
EndProject
Global
	GlobalSection(SolutionConfigurationPlatforms) = preSolution
		Debug|Any CPU = Debug|Any CPU
		Release|Any CPU = Release|Any CPU
	EndGlobalSection
	GlobalSection(ProjectConfigurationPlatforms) = postSolution
		{55062150-6C5A-4785-ABCE-B164EB695F6C}.Debug|Any CPU.ActiveCfg = Debug|Any CPU
		{55062150-6C5A-4785-ABCE-B164EB695F6C}.Debug|Any CPU.Build.0 = Debug|Any CPU
		{55062150-6C5A-4785-ABCE-B164EB695F6C}.Release|Any CPU.ActiveCfg = Release|Any CPU
		{55062150-6C5A-4785-ABCE-B164EB695F6C}.Release|Any CPU.Build.0 = Release|Any CPU
		{51F519D5-4F61-450C-9557-39C741D8393B}.Debug|Any CPU.ActiveCfg = Debug|Any CPU
		{51F519D5-4F61-450C-9557-39C741D8393B}.Debug|Any CPU.Build.0 = Debug|Any CPU
		{51F519D5-4F61-450C-9557-39C741D8393B}.Release|Any CPU.ActiveCfg = Release|Any CPU
		{51F519D5-4F61-450C-9557-39C741D8393B}.Release|Any CPU.Build.0 = Release|Any CPU
		{DA160C01-91DF-42F6-A655-1A4D5FC4E752}.Debug|Any CPU.ActiveCfg = Debug|Any CPU
		{DA160C01-91DF-42F6-A655-1A4D5FC4E752}.Debug|Any CPU.Build.0 = Debug|Any CPU
		{DA160C01-91DF-42F6-A655-1A4D5FC4E752}.Release|Any CPU.ActiveCfg = Release|Any CPU
		{DA160C01-91DF-42F6-A655-1A4D5FC4E752}.Release|Any CPU.Build.0 = Release|Any CPU
	EndGlobalSection
	GlobalSection(SolutionProperties) = preSolution
		HideSolutionNode = FALSE
	EndGlobalSection
	GlobalSection(ExtensibilityGlobals) = postSolution
		SolutionGuid = {66AB2DFC-9C35-416F-AE4D-4D65AC6D030C}
	EndGlobalSection
EndGlobal
